// !$*UTF8*$!
{
	archiveVersion = 1;
	classes = {
	};
	objectVersion = 50;
	objects = {

/* Begin PBXBuildFile section */
		8DEDE68B2416C2C6006FB1CF /* AppDelegate.m in Sources */ = {isa = PBXBuildFile; fileRef = 8DEDE68A2416C2C6006FB1CF /* AppDelegate.m */; };
		8DEDE68E2416C2C6006FB1CF /* SceneDelegate.m in Sources */ = {isa = PBXBuildFile; fileRef = 8DEDE68D2416C2C6006FB1CF /* SceneDelegate.m */; };
		8DEDE6912416C2C6006FB1CF /* ViewController.m in Sources */ = {isa = PBXBuildFile; fileRef = 8DEDE6902416C2C6006FB1CF /* ViewController.m */; };
		8DEDE6942416C2C6006FB1CF /* Main.storyboard in Resources */ = {isa = PBXBuildFile; fileRef = 8DEDE6922416C2C6006FB1CF /* Main.storyboard */; };
		8DEDE6962416C2C7006FB1CF /* Assets.xcassets in Resources */ = {isa = PBXBuildFile; fileRef = 8DEDE6952416C2C7006FB1CF /* Assets.xcassets */; };
		8DEDE6992416C2C7006FB1CF /* LaunchScreen.storyboard in Resources */ = {isa = PBXBuildFile; fileRef = 8DEDE6972416C2C7006FB1CF /* LaunchScreen.storyboard */; };
		8DEDE69C2416C2C7006FB1CF /* main.m in Sources */ = {isa = PBXBuildFile; fileRef = 8DEDE69B2416C2C7006FB1CF /* main.m */; };
/* End PBXBuildFile section */

/* Begin PBXFileReference section */
		8DEDE6862416C2C6006FB1CF /* autou0.app */ = {isa = PBXFileReference; explicitFileType = wrapper.application; includeInIndex = 0; path = autou0.app; sourceTree = BUILT_PRODUCTS_DIR; };
		8DEDE6892416C2C6006FB1CF /* AppDelegate.h */ = {isa = PBXFileReference; lastKnownFileType = sourcecode.c.h; path = AppDelegate.h; sourceTree = "<group>"; };
		8DEDE68A2416C2C6006FB1CF /* AppDelegate.m */ = {isa = PBXFileReference; lastKnownFileType = sourcecode.c.objc; path = AppDelegate.m; sourceTree = "<group>"; };
		8DEDE68C2416C2C6006FB1CF /* SceneDelegate.h */ = {isa = PBXFileReference; lastKnownFileType = sourcecode.c.h; path = SceneDelegate.h; sourceTree = "<group>"; };
		8DEDE68D2416C2C6006FB1CF /* SceneDelegate.m */ = {isa = PBXFileReference; lastKnownFileType = sourcecode.c.objc; path = SceneDelegate.m; sourceTree = "<group>"; };
		8DEDE68F2416C2C6006FB1CF /* ViewController.h */ = {isa = PBXFileReference; lastKnownFileType = sourcecode.c.h; path = ViewController.h; sourceTree = "<group>"; };
		8DEDE6902416C2C6006FB1CF /* ViewController.m */ = {isa = PBXFileReference; lastKnownFileType = sourcecode.c.objc; path = ViewController.m; sourceTree = "<group>"; };
		8DEDE6932416C2C6006FB1CF /* Base */ = {isa = PBXFileReference; lastKnownFileType = file.storyboard; name = Base; path = Base.lproj/Main.storyboard; sourceTree = "<group>"; };
		8DEDE6952416C2C7006FB1CF /* Assets.xcassets */ = {isa = PBXFileReference; lastKnownFileType = folder.assetcatalog; path = Assets.xcassets; sourceTree = "<group>"; };
		8DEDE6982416C2C7006FB1CF /* Base */ = {isa = PBXFileReference; lastKnownFileType = file.storyboard; name = Base; path = Base.lproj/LaunchScreen.storyboard; sourceTree = "<group>"; };
		8DEDE69A2416C2C7006FB1CF /* Info.plist */ = {isa = PBXFileReference; lastKnownFileType = text.plist.xml; path = Info.plist; sourceTree = "<group>"; };
		8DEDE69B2416C2C7006FB1CF /* main.m */ = {isa = PBXFileReference; lastKnownFileType = sourcecode.c.objc; path = main.m; sourceTree = "<group>"; };
/* End PBXFileReference section */

/* Begin PBXFrameworksBuildPhase section */
		8DEDE6832416C2C6006FB1CF /* Frameworks */ = {
			isa = PBXFrameworksBuildPhase;
			buildActionMask = 2147483647;
			files = (
			);
			runOnlyForDeploymentPostprocessing = 0;
		};
/* End PBXFrameworksBuildPhase section */

/* Begin PBXGroup section */
		8DEDE67D2416C2C6006FB1CF = {
			isa = PBXGroup;
			children = (
				8DEDE6882416C2C6006FB1CF /* autou0 */,
				8DEDE6872416C2C6006FB1CF /* Products */,
			);
			sourceTree = "<group>";
		};
		8DEDE6872416C2C6006FB1CF /* Products */ = {
			isa = PBXGroup;
			children = (
				8DEDE6862416C2C6006FB1CF /* autou0.app */,
			);
			name = Products;
			sourceTree = "<group>";
		};
		8DEDE6882416C2C6006FB1CF /* autou0 */ = {
			isa = PBXGroup;
			children = (
				8DEDE6892416C2C6006FB1CF /* AppDelegate.h */,
				8DEDE68A2416C2C6006FB1CF /* AppDelegate.m */,
				8DEDE68C2416C2C6006FB1CF /* SceneDelegate.h */,
				8DEDE68D2416C2C6006FB1CF /* SceneDelegate.m */,
				8DEDE68F2416C2C6006FB1CF /* ViewController.h */,
				8DEDE6902416C2C6006FB1CF /* ViewController.m */,
				8DEDE6922416C2C6006FB1CF /* Main.storyboard */,
				8DEDE6952416C2C7006FB1CF /* Assets.xcassets */,
				8DEDE6972416C2C7006FB1CF /* LaunchScreen.storyboard */,
				8DEDE69A2416C2C7006FB1CF /* Info.plist */,
				8DEDE69B2416C2C7006FB1CF /* main.m */,
			);
			path = autou0;
			sourceTree = "<group>";
		};
/* End PBXGroup section */

/* Begin PBXNativeTarget section */
		8DEDE6852416C2C6006FB1CF /* autou0 */ = {
			isa = PBXNativeTarget;
			buildConfigurationList = 8DEDE69F2416C2C7006FB1CF /* Build configuration list for PBXNativeTarget "autou0" */;
			buildPhases = (
				8DEDE6822416C2C6006FB1CF /* Sources */,
				8DEDE6832416C2C6006FB1CF /* Frameworks */,
				8DEDE6842416C2C6006FB1CF /* Resources */,
			);
			buildRules = (
			);
			dependencies = (
			);
			name = autou0;
			productName = autou0;
			productReference = 8DEDE6862416C2C6006FB1CF /* autou0.app */;
			productType = "com.apple.product-type.application";
		};
/* End PBXNativeTarget section */

/* Begin PBXProject section */
		8DEDE67E2416C2C6006FB1CF /* Project object */ = {
			isa = PBXProject;
			attributes = {
				LastUpgradeCheck = 1130;
				ORGANIZATIONNAME = "Sam Gardner";
				TargetAttributes = {
					8DEDE6852416C2C6006FB1CF = {
						CreatedOnToolsVersion = 11.3.1;
					};
				};
			};
			buildConfigurationList = 8DEDE6812416C2C6006FB1CF /* Build configuration list for PBXProject "autou0" */;
			compatibilityVersion = "Xcode 9.3";
			developmentRegion = en;
			hasScannedForEncodings = 0;
			knownRegions = (
				en,
				Base,
			);
			mainGroup = 8DEDE67D2416C2C6006FB1CF;
			productRefGroup = 8DEDE6872416C2C6006FB1CF /* Products */;
			projectDirPath = "";
			projectRoot = "";
			targets = (
				8DEDE6852416C2C6006FB1CF /* autou0 */,
			);
		};
/* End PBXProject section */

/* Begin PBXResourcesBuildPhase section */
		8DEDE6842416C2C6006FB1CF /* Resources */ = {
			isa = PBXResourcesBuildPhase;
			buildActionMask = 2147483647;
			files = (
				8DEDE6992416C2C7006FB1CF /* LaunchScreen.storyboard in Resources */,
				8DEDE6962416C2C7006FB1CF /* Assets.xcassets in Resources */,
				8DEDE6942416C2C6006FB1CF /* Main.storyboard in Resources */,
			);
			runOnlyForDeploymentPostprocessing = 0;
		};
/* End PBXResourcesBuildPhase section */

/* Begin PBXSourcesBuildPhase section */
		8DEDE6822416C2C6006FB1CF /* Sources */ = {
			isa = PBXSourcesBuildPhase;
			buildActionMask = 2147483647;
			files = (
				8DEDE6912416C2C6006FB1CF /* ViewController.m in Sources */,
				8DEDE68B2416C2C6006FB1CF /* AppDelegate.m in Sources */,
				8DEDE69C2416C2C7006FB1CF /* main.m in Sources */,
				8DEDE68E2416C2C6006FB1CF /* SceneDelegate.m in Sources */,
			);
			runOnlyForDeploymentPostprocessing = 0;
		};
/* End PBXSourcesBuildPhase section */

/* Begin PBXVariantGroup section */
		8DEDE6922416C2C6006FB1CF /* Main.storyboard */ = {
			isa = PBXVariantGroup;
			children = (
				8DEDE6932416C2C6006FB1CF /* Base */,
			);
			name = Main.storyboard;
			sourceTree = "<group>";
		};
		8DEDE6972416C2C7006FB1CF /* LaunchScreen.storyboard */ = {
			isa = PBXVariantGroup;
			children = (
				8DEDE6982416C2C7006FB1CF /* Base */,
			);
			name = LaunchScreen.storyboard;
			sourceTree = "<group>";
		};
/* End PBXVariantGroup section */

/* Begin XCBuildConfiguration section */
		8DEDE69D2416C2C7006FB1CF /* Debug */ = {
			isa = XCBuildConfiguration;
			buildSettings = {
				ALWAYS_SEARCH_USER_PATHS = NO;
				CLANG_ANALYZER_NONNULL = YES;
				CLANG_ANALYZER_NUMBER_OBJECT_CONVERSION = YES_AGGRESSIVE;
				CLANG_CXX_LANGUAGE_STANDARD = "gnu++14";
				CLANG_CXX_LIBRARY = "libc++";
				CLANG_ENABLE_MODULES = YES;
				CLANG_ENABLE_OBJC_ARC = YES;
				CLANG_ENABLE_OBJC_WEAK = YES;
				CLANG_WARN_BLOCK_CAPTURE_AUTORELEASING = YES;
				CLANG_WARN_BOOL_CONVERSION = YES;
				CLANG_WARN_COMMA = YES;
				CLANG_WARN_CONSTANT_CONVERSION = YES;
				CLANG_WARN_DEPRECATED_OBJC_IMPLEMENTATIONS = YES;
				CLANG_WARN_DIRECT_OBJC_ISA_USAGE = YES_ERROR;
				CLANG_WARN_DOCUMENTATION_COMMENTS = YES;
				CLANG_WARN_EMPTY_BODY = YES;
				CLANG_WARN_ENUM_CONVERSION = YES;
				CLANG_WARN_INFINITE_RECURSION = YES;
				CLANG_WARN_INT_CONVERSION = YES;
				CLANG_WARN_NON_LITERAL_NULL_CONVERSION = YES;
				CLANG_WARN_OBJC_IMPLICIT_RETAIN_SELF = YES;
				CLANG_WARN_OBJC_LITERAL_CONVERSION = YES;
				CLANG_WARN_OBJC_ROOT_CLASS = YES_ERROR;
				CLANG_WARN_RANGE_LOOP_ANALYSIS = YES;
				CLANG_WARN_STRICT_PROTOTYPES = YES;
				CLANG_WARN_SUSPICIOUS_MOVE = YES;
				CLANG_WARN_UNGUARDED_AVAILABILITY = YES_AGGRESSIVE;
				CLANG_WARN_UNREACHABLE_CODE = YES;
				CLANG_WARN__DUPLICATE_METHOD_MATCH = YES;
				COPY_PHASE_STRIP = NO;
				DEBUG_INFORMATION_FORMAT = dwarf;
				ENABLE_STRICT_OBJC_MSGSEND = YES;
				ENABLE_TESTABILITY = YES;
				GCC_C_LANGUAGE_STANDARD = gnu11;
				GCC_DYNAMIC_NO_PIC = NO;
				GCC_NO_COMMON_BLOCKS = YES;
				GCC_OPTIMIZATION_LEVEL = 0;
				GCC_PREPROCESSOR_DEFINITIONS = (
					"DEBUG=1",
					"$(inherited)",
				);
				GCC_WARN_64_TO_32_BIT_CONVERSION = YES;
				GCC_WARN_ABOUT_RETURN_TYPE = YES_ERROR;
				GCC_WARN_UNDECLARED_SELECTOR = YES;
				GCC_WARN_UNINITIALIZED_AUTOS = YES_AGGRESSIVE;
				GCC_WARN_UNUSED_FUNCTION = YES;
				GCC_WARN_UNUSED_VARIABLE = YES;
				IPHONEOS_DEPLOYMENT_TARGET = 13.2;
				MTL_ENABLE_DEBUG_INFO = INCLUDE_SOURCE;
				MTL_FAST_MATH = YES;
				ONLY_ACTIVE_ARCH = YES;
				SDKROOT = iphoneos;
			};
			name = Debug;
		};
		8DEDE69E2416C2C7006FB1CF /* Release */ = {
			isa = XCBuildConfiguration;
			buildSettings = {
				ALWAYS_SEARCH_USER_PATHS = NO;
				CLANG_ANALYZER_NONNULL = YES;
				CLANG_ANALYZER_NUMBER_OBJECT_CONVERSION = YES_AGGRESSIVE;
				CLANG_CXX_LANGUAGE_STANDARD = "gnu++14";
				CLANG_CXX_LIBRARY = "libc++";
				CLANG_ENABLE_MODULES = YES;
				CLANG_ENABLE_OBJC_ARC = YES;
				CLANG_ENABLE_OBJC_WEAK = YES;
				CLANG_WARN_BLOCK_CAPTURE_AUTORELEASING = YES;
				CLANG_WARN_BOOL_CONVERSION = YES;
				CLANG_WARN_COMMA = YES;
				CLANG_WARN_CONSTANT_CONVERSION = YES;
				CLANG_WARN_DEPRECATED_OBJC_IMPLEMENTATIONS = YES;
				CLANG_WARN_DIRECT_OBJC_ISA_USAGE = YES_ERROR;
				CLANG_WARN_DOCUMENTATION_COMMENTS = YES;
				CLANG_WARN_EMPTY_BODY = YES;
				CLANG_WARN_ENUM_CONVERSION = YES;
				CLANG_WARN_INFINITE_RECURSION = YES;
				CLANG_WARN_INT_CONVERSION = YES;
				CLANG_WARN_NON_LITERAL_NULL_CONVERSION = YES;
				CLANG_WARN_OBJC_IMPLICIT_RETAIN_SELF = YES;
				CLANG_WARN_OBJC_LITERAL_CONVERSION = YES;
				CLANG_WARN_OBJC_ROOT_CLASS = YES_ERROR;
				CLANG_WARN_RANGE_LOOP_ANALYSIS = YES;
				CLANG_WARN_STRICT_PROTOTYPES = YES;
				CLANG_WARN_SUSPICIOUS_MOVE = YES;
				CLANG_WARN_UNGUARDED_AVAILABILITY = YES_AGGRESSIVE;
				CLANG_WARN_UNREACHABLE_CODE = YES;
				CLANG_WARN__DUPLICATE_METHOD_MATCH = YES;
				COPY_PHASE_STRIP = NO;
				DEBUG_INFORMATION_FORMAT = "dwarf-with-dsym";
				ENABLE_NS_ASSERTIONS = NO;
				ENABLE_STRICT_OBJC_MSGSEND = YES;
				GCC_C_LANGUAGE_STANDARD = gnu11;
				GCC_NO_COMMON_BLOCKS = YES;
				GCC_WARN_64_TO_32_BIT_CONVERSION = YES;
				GCC_WARN_ABOUT_RETURN_TYPE = YES_ERROR;
				GCC_WARN_UNDECLARED_SELECTOR = YES;
				GCC_WARN_UNINITIALIZED_AUTOS = YES_AGGRESSIVE;
				GCC_WARN_UNUSED_FUNCTION = YES;
				GCC_WARN_UNUSED_VARIABLE = YES;
				IPHONEOS_DEPLOYMENT_TARGET = 13.2;
				MTL_ENABLE_DEBUG_INFO = NO;
				MTL_FAST_MATH = YES;
				SDKROOT = iphoneos;
				VALIDATE_PRODUCT = YES;
			};
			name = Release;
		};
		8DEDE6A02416C2C7006FB1CF /* Debug */ = {
			isa = XCBuildConfiguration;
			buildSettings = {
				ASSETCATALOG_COMPILER_APPICON_NAME = AppIcon;
				CODE_SIGN_STYLE = Automatic;
				DEVELOPMENT_TEAM = 62PB6NV7YN;
				INFOPLIST_FILE = autou0/Info.plist;
				IPHONEOS_DEPLOYMENT_TARGET = 10.0;
				LD_RUNPATH_SEARCH_PATHS = (
					"$(inherited)",
					"@executable_path/Frameworks",
				);
				PRODUCT_BUNDLE_IDENTIFIER = com.samgisaninja.autou0;
				PRODUCT_NAME = "$(TARGET_NAME)";
				TARGETED_DEVICE_FAMILY = "1,2";
			};
			name = Debug;
		};
		8DEDE6A12416C2C7006FB1CF /* Release */ = {
			isa = XCBuildConfiguration;
			buildSettings = {
				ASSETCATALOG_COMPILER_APPICON_NAME = AppIcon;
				CODE_SIGN_STYLE = Automatic;
				DEVELOPMENT_TEAM = 62PB6NV7YN;
				INFOPLIST_FILE = autou0/Info.plist;
				IPHONEOS_DEPLOYMENT_TARGET = 10.0;
				LD_RUNPATH_SEARCH_PATHS = (
					"$(inherited)",
					"@executable_path/Frameworks",
				);
				PRODUCT_BUNDLE_IDENTIFIER = com.samgisaninja.autou0;
				PRODUCT_NAME = "$(TARGET_NAME)";
				TARGETED_DEVICE_FAMILY = "1,2";
			};
			name = Release;
		};
/* End XCBuildConfiguration section */

/* Begin XCConfigurationList section */
		8DEDE6812416C2C6006FB1CF /* Build configuration list for PBXProject "autou0" */ = {
			isa = XCConfigurationList;
			buildConfigurations = (
				8DEDE69D2416C2C7006FB1CF /* Debug */,
				8DEDE69E2416C2C7006FB1CF /* Release */,
			);
			defaultConfigurationIsVisible = 0;
			defaultConfigurationName = Release;
		};
		8DEDE69F2416C2C7006FB1CF /* Build configuration list for PBXNativeTarget "autou0" */ = {
			isa = XCConfigurationList;
			buildConfigurations = (
				8DEDE6A02416C2C7006FB1CF /* Debug */,
				8DEDE6A12416C2C7006FB1CF /* Release */,
			);
			defaultConfigurationIsVisible = 0;
			defaultConfigurationName = Release;
		};
/* End XCConfigurationList section */
	};
	rootObject = 8DEDE67E2416C2C6006FB1CF /* Project object */;
}
